{
  "object": {
    "pins": [
      {
        "package": "Bagbutik",
        "repositoryURL": "https://github.com/MortenGregersen/Bagbutik",
        "state": {
          "branch": null,
          "revision": "ced164b7e542039f814cb66f6109d6b060783518",
          "version": "14.1.0"
        }
      },
      {
        "package": "CertificateSigningRequest",
        "repositoryURL": "https://github.com/cbaker6/CertificateSigningRequest",
        "state": {
          "branch": null,
          "revision": "457627f8ff57a721851ee14cc552d529c37c8329",
          "version": "1.30.0"
        }
      },
      {
        "package": "Colorizer",
        "repositoryURL": "https://github.com/getGuaka/Colorizer.git",
        "state": {
          "branch": null,
          "revision": "2ccc99bf1715e73c4139e8d40b6e6b30be975586",
          "version": "0.2.1"
        }
      },
      {
        "package": "Rainbow",
        "repositoryURL": "https://github.com/onevcat/Rainbow.git",
        "state": {
          "branch": null,
          "revision": "626c3d4b6b55354b4af3aa309f998fae9b31a3d9",
          "version": "3.2.0"
        }
      },
      {
        "package": "swift-argument-parser",
        "repositoryURL": "https://github.com/apple/swift-argument-parser",
        "state": {
          "branch": null,
          "revision": "41982a3656a71c768319979febd796c6fd111d5c",
          "version": "1.5.0"
        }
      },
      {
        "package": "swift-crypto",
        "repositoryURL": "https://github.com/apple/swift-crypto",
        "state": {
          "branch": null,
          "revision": "ffca28be3c9c6a86a579949d23f68818a4b9b5d8",
          "version": "3.8.0"
        }
      },
      {
        "package": "swift-log",
        "repositoryURL": "https://github.com/apple/swift-log",
        "state": {
          "branch": null,
          "revision": "9cb486020ebf03bfa5b5df985387a14a98744537",
          "version": "1.6.1"
        }
      },
      {
        "package": "SwiftFormat",
        "repositoryURL": "https://github.com/nicklockwood/SwiftFormat",
        "state": {
          "branch": null,
          "revision": "ab6844edb79a7b88dc6320e6cee0a0db7674dac3",
          "version": "0.54.5"
        }
      },
      {
        "package": "xcbeautify",
        "repositoryURL": "https://github.com/thii/xcbeautify",
        "state": {
          "branch": null,
          "revision": "4995c78396b3eb2a065680d2001278dbe0f94971",
          "version": "2.11.0"
        }
      },
      {
        "package": "XCResultKit",
        "repositoryURL": "https://github.com/davidahouse/XCResultKit.git",
        "state": {
          "branch": null,
          "revision": "63a93e454e30084b8948cba0ee42112fca1f6010",
          "version": "1.2.0"
        }
      },
      {
        "package": "XCTestHTMLReport",
        "repositoryURL": "https://github.com/TitouanVanBelle/XCTestHTMLReport",
        "state": {
          "branch": null,
          "revision": "7bbc8dbff049cf46f8abd5776881a4f9883e4e6e",
          "version": "2.5.0"
        }
      },
      {
        "package": "XMLCoder",
        "repositoryURL": "https://github.com/MaxDesiatov/XMLCoder.git",
        "state": {
          "branch": null,
          "revision": "b1e944cbd0ef33787b13f639a5418d55b3bed501",
          "version": "0.17.1"
        }
      }
    ]
  },
  "version": 1
}
