{
  "object": {
    "pins": [
      {
        "package": "Bagbutik",
        "repositoryURL": "https://github.com/MortenGregersen/Bagbutik",
        "state": {
          "branch": null,
          "revision": "b4f2d5b56d1b8938d5fb20c082f9e6d64e41462f",
          "version": "7.0.0"
        }
      },
      {
        "package": "CertificateSigningRequest",
        "repositoryURL": "https://github.com/cbaker6/CertificateSigningRequest",
        "state": {
          "branch": null,
          "revision": "457627f8ff57a721851ee14cc552d529c37c8329",
          "version": "1.30.0"
        }
      },
      {
        "package": "Colorizer",
        "repositoryURL": "https://github.com/getGuaka/Colorizer.git",
        "state": {
          "branch": null,
          "revision": "2ccc99bf1715e73c4139e8d40b6e6b30be975586",
          "version": "0.2.1"
        }
      },
      {
        "package": "Rainbow",
        "repositoryURL": "https://github.com/onevcat/Rainbow.git",
        "state": {
          "branch": null,
          "revision": "626c3d4b6b55354b4af3aa309f998fae9b31a3d9",
          "version": "3.2.0"
        }
      },
      {
        "package": "swift-argument-parser",
        "repositoryURL": "https://github.com/apple/swift-argument-parser",
        "state": {
          "branch": null,
          "revision": "8f4d2753f0e4778c76d5f05ad16c74f707390531",
          "version": "1.2.3"
        }
      },
      {
        "package": "swift-crypto",
        "repositoryURL": "https://github.com/apple/swift-crypto",
        "state": {
          "branch": null,
          "revision": "60f13f60c4d093691934dc6cfdf5f508ada1f894",
          "version": "2.6.0"
        }
      },
      {
        "package": "swift-log",
        "repositoryURL": "https://github.com/apple/swift-log",
        "state": {
          "branch": null,
          "revision": "532d8b529501fb73a2455b179e0bbb6d49b652ed",
          "version": "1.5.3"
        }
      },
      {
        "package": "SwiftFormat",
        "repositoryURL": "https://github.com/nicklockwood/SwiftFormat",
        "state": {
          "branch": null,
          "revision": "1780bcdc3237633a50e4aaa97422de37e77130bd",
          "version": "0.52.2"
        }
      },
      {
        "package": "xcbeautify",
        "repositoryURL": "https://github.com/thii/xcbeautify",
        "state": {
          "branch": null,
          "revision": "6000eb1d17ee657826eb3f72cfdb8be6cae0597c",
          "version": "0.21.1"
        }
      },
      {
        "package": "XCResultKit",
        "repositoryURL": "https://github.com/davidahouse/XCResultKit.git",
        "state": {
          "branch": null,
          "revision": "2fe24c2675432c4b8c8d7ab0364e2760190b6fea",
          "version": "0.9.3"
        }
      },
      {
        "package": "XCTestHTMLReport",
        "repositoryURL": "https://github.com/TitouanVanBelle/XCTestHTMLReport",
        "state": {
          "branch": "develop",
          "revision": "5bd986c247fd84f98db1f3313601e7f24baeeb61",
          "version": null
        }
      },
      {
        "package": "XMLCoder",
        "repositoryURL": "https://github.com/MaxDesiatov/XMLCoder.git",
        "state": {
          "branch": null,
          "revision": "b1e944cbd0ef33787b13f639a5418d55b3bed501",
          "version": "0.17.1"
        }
      },
      {
        "package": "Zip",
        "repositoryURL": "https://github.com/marmelroy/Zip.git",
        "state": {
          "branch": null,
          "revision": "67fa55813b9e7b3b9acee9c0ae501def28746d76",
          "version": "2.1.2"
        }
      }
    ]
  },
  "version": 1
}
