{
  "object": {
    "pins": [
      {
        "package": "Bagbutik",
        "repositoryURL": "https://github.com/MortenGregersen/Bagbutik",
        "state": {
          "branch": null,
          "revision": "adf80a2e784a3b70652b5d3c92c50fc6064f6cb7",
          "version": "8.3.0"
        }
      },
      {
        "package": "CertificateSigningRequest",
        "repositoryURL": "https://github.com/cbaker6/CertificateSigningRequest",
        "state": {
          "branch": null,
          "revision": "457627f8ff57a721851ee14cc552d529c37c8329",
          "version": "1.30.0"
        }
      },
      {
        "package": "Colorizer",
        "repositoryURL": "https://github.com/getGuaka/Colorizer.git",
        "state": {
          "branch": null,
          "revision": "2ccc99bf1715e73c4139e8d40b6e6b30be975586",
          "version": "0.2.1"
        }
      },
      {
        "package": "Rainbow",
        "repositoryURL": "https://github.com/onevcat/Rainbow.git",
        "state": {
          "branch": null,
          "revision": "626c3d4b6b55354b4af3aa309f998fae9b31a3d9",
          "version": "3.2.0"
        }
      },
      {
        "package": "swift-argument-parser",
        "repositoryURL": "https://github.com/apple/swift-argument-parser",
        "state": {
          "branch": null,
          "revision": "c8ed701b513cf5177118a175d85fbbbcd707ab41",
          "version": "1.3.0"
        }
      },
      {
        "package": "swift-crypto",
        "repositoryURL": "https://github.com/apple/swift-crypto",
        "state": {
          "branch": null,
          "revision": "60f13f60c4d093691934dc6cfdf5f508ada1f894",
          "version": "2.6.0"
        }
      },
      {
        "package": "swift-log",
        "repositoryURL": "https://github.com/apple/swift-log",
        "state": {
          "branch": null,
          "revision": "532d8b529501fb73a2455b179e0bbb6d49b652ed",
          "version": "1.5.3"
        }
      },
      {
        "package": "SwiftFormat",
        "repositoryURL": "https://github.com/nicklockwood/SwiftFormat",
        "state": {
          "branch": null,
          "revision": "fef156a6135e584985ed26713dd2e9ee41f952cb",
          "version": "0.53.0"
        }
      },
      {
        "package": "xcbeautify",
        "repositoryURL": "https://github.com/thii/xcbeautify",
        "state": {
          "branch": null,
          "revision": "84d24a9854e6fdcd2c91122d50a3189b072e8136",
          "version": "1.4.0"
        }
      },
      {
        "package": "XCResultKit",
        "repositoryURL": "https://github.com/davidahouse/XCResultKit.git",
        "state": {
          "branch": null,
          "revision": "2fe24c2675432c4b8c8d7ab0364e2760190b6fea",
          "version": "0.9.3"
        }
      },
      {
        "package": "XCTestHTMLReport",
        "repositoryURL": "https://github.com/TitouanVanBelle/XCTestHTMLReport",
        "state": {
          "branch": null,
          "revision": "20e5e9804753ab78b0b51ee5f2d8fcd81318aca7",
          "version": "2.2.3"
        }
      },
      {
        "package": "XMLCoder",
        "repositoryURL": "https://github.com/MaxDesiatov/XMLCoder.git",
        "state": {
          "branch": null,
          "revision": "b1e944cbd0ef33787b13f639a5418d55b3bed501",
          "version": "0.17.1"
        }
      },
      {
        "package": "Zip",
        "repositoryURL": "https://github.com/marmelroy/Zip.git",
        "state": {
          "branch": null,
          "revision": "67fa55813b9e7b3b9acee9c0ae501def28746d76",
          "version": "2.1.2"
        }
      }
    ]
  },
  "version": 1
}
